
Microsoft Visual Studio Solution File, Format Version 12.00
# Visual Studio 2013
VisualStudioVersion = 12.0.30723.0
MinimumVisualStudioVersion = 10.0.40219.1
Project("{FAE04EC0-301F-11D3-BF4B-00C04F79EFBC}") = "CipherUtils", "CipherUtils\CipherUtils.csproj", "{F14E44E4-9573-451C-9248-4CB01E4372AB}"
EndProject
Project("{FAE04EC0-301F-11D3-BF4B-00C04F79EFBC}") = "IBSTech.Cipher", "IBSTech.Cipher\IBSTech.Cipher.csproj", "{850D845E-D0E6-4A1C-A3CC-6E3591AA5C4B}"
EndProject
Global
	GlobalSection(SolutionConfigurationPlatforms) = preSolution
		Debug|Any CPU = Debug|Any CPU
		Release|Any CPU = Release|Any CPU
	EndGlobalSection
	GlobalSection(ProjectConfigurationPlatforms) = postSolution
		{F14E44E4-9573-451C-9248-4CB01E4372AB}.Debug|Any CPU.ActiveCfg = Debug|Any CPU
		{F14E44E4-9573-451C-9248-4CB01E4372AB}.Debug|Any CPU.Build.0 = Debug|Any CPU
		{F14E44E4-9573-451C-9248-4CB01E4372AB}.Release|Any CPU.ActiveCfg = Release|Any CPU
		{F14E44E4-9573-451C-9248-4CB01E4372AB}.Release|Any CPU.Build.0 = Release|Any CPU
		{850D845E-D0E6-4A1C-A3CC-6E3591AA5C4B}.Debug|Any CPU.ActiveCfg = Debug|Any CPU
		{850D845E-D0E6-4A1C-A3CC-6E3591AA5C4B}.Debug|Any CPU.Build.0 = Debug|Any CPU
		{850D845E-D0E6-4A1C-A3CC-6E3591AA5C4B}.Release|Any CPU.ActiveCfg = Release|Any CPU
		{850D845E-D0E6-4A1C-A3CC-6E3591AA5C4B}.Release|Any CPU.Build.0 = Release|Any CPU
	EndGlobalSection
	GlobalSection(SolutionProperties) = preSolution
		HideSolutionNode = FALSE
	EndGlobalSection
EndGlobal
